{
  "name": "insurance-product-engineer",
  "version": "1.0.0",
  "lockfileVersion": 2,
  "requires": true,
  "packages": {
    "": {
      "name": "insurance-product-engineer",
      "version": "1.0.0",
      "dependencies": {
        "mingo": "^2.4.0"
      }
    },
    "node_modules/mingo": {
      "version": "2.4.0",
      "resolved": "https://registry.npmjs.org/mingo/-/mingo-2.4.0.tgz",
      "integrity": "sha512-pGbTplItw6v/wuQuzoQ5/mnp9iLgngiwsmtPxyXgG3JJNm2zDnMBlx5mcZAeVfROHc+LI8VTaMzUdRFWDR+Ihg=="
    }
  },
  "dependencies": {
    "mingo": {
      "version": "2.4.0",
      "resolved": "https://registry.npmjs.org/mingo/-/mingo-2.4.0.tgz",
      "integrity": "sha512-pGbTplItw6v/wuQuzoQ5/mnp9iLgngiwsmtPxyXgG3JJNm2zDnMBlx5mcZAeVfROHc+LI8VTaMzUdRFWDR+Ihg=="
    }
  }
}
